{
  "name": "bpz",
  "version": "1.0.0",
  "lockfileVersion": 1,
  "requires": true,
  "dependencies": {
    "@babel/runtime": {
      "version": "7.12.5",
      "resolved": "https://registry.npmjs.org/@babel/runtime/-/runtime-7.12.5.tgz",
      "integrity": "sha512-plcc+hbExy3McchJCEQG3knOsuh3HH+Prx1P6cLIkET/0dLuQDEnrT+s27Axgc9bqfsmNUNHfscgMUdBpC9xfg==",
      "requires": {
        "regenerator-runtime": "^0.13.4"
      }
    },
    "@googlemaps/js-api-loader": {
      "version": "1.11.1",
      "resolved": "https://registry.npmjs.org/@googlemaps/js-api-loader/-/js-api-loader-1.11.1.tgz",
      "integrity": "sha512-2ug4uBu0onRXTAo7Yxkay5N7pdNIz3XpTElMTLdCtEfQDxikbjeR6GS8atVhblX+ubFBNlXvDzz7VtuXv0vMRQ==",
      "requires": {
        "fast-deep-equal": "^3.1.3"
      }
    },
    "@mapbox/point-geometry": {
      "version": "0.1.0",
      "resolved": "https://registry.npmjs.org/@mapbox/point-geometry/-/point-geometry-0.1.0.tgz",
      "integrity": "sha1-ioP5M1x4YO/6Lu7KJUMyqgru2PI="
    },
    "@types/json-schema": {
      "version": "7.0.7",
      "resolved": "https://registry.npmjs.org/@types/json-schema/-/json-schema-7.0.7.tgz",
      "integrity": "sha512-cxWFQVseBm6O9Gbw1IWb8r6OS4OhSt3hPZLkFApLjM8TEXROBuQGLAH2i2gZpcXdLBIrpXuTDhH7Vbm1iXmNGA=="
    },
    "ajv": {
      "version": "6.12.6",
      "resolved": "https://registry.npmjs.org/ajv/-/ajv-6.12.6.tgz",
      "integrity": "sha512-j3fVLgvTo527anyYyJOGTYJbG+vnnQYvE0m5mmkc1TK+nxAppkCLMIL0aZ4dblVCNoGShhm+kzE4ZUykBoMg4g==",
      "requires": {
        "fast-deep-equal": "^3.1.1",
        "fast-json-stable-stringify": "^2.0.0",
        "json-schema-traverse": "^0.4.1",
        "uri-js": "^4.2.2"
      }
    },
    "ajv-keywords": {
      "version": "3.5.2",
      "resolved": "https://registry.npmjs.org/ajv-keywords/-/ajv-keywords-3.5.2.tgz",
      "integrity": "sha512-5p6WTN0DdTGVQk6VjcEju19IgaHudalcfabD7yhDGeA6bcQnmL+CpveLJq/3hvfwd1aof6L386Ougkx6RfyMIQ=="
    },
    "axios": {
      "version": "0.21.1",
      "resolved": "https://registry.npmjs.org/axios/-/axios-0.21.1.tgz",
      "integrity": "sha512-dKQiRHxGD9PPRIUNIWvZhPTPpl1rf/OxTYKsqKUDjBwYylTvV7SjSHJb9ratfyzM6wCdLCOYLzs73qpg5c4iGA==",
      "requires": {
        "follow-redirects": "^1.10.0"
      }
    },
    "babel-plugin-module-resolver": {
      "version": "4.1.0",
      "resolved": "https://registry.npmjs.org/babel-plugin-module-resolver/-/babel-plugin-module-resolver-4.1.0.tgz",
      "integrity": "sha512-MlX10UDheRr3lb3P0WcaIdtCSRlxdQsB1sBqL7W0raF070bGl1HQQq5K3T2vf2XAYie+ww+5AKC/WrkjRO2knA==",
      "requires": {
        "find-babel-config": "^1.2.0",
        "glob": "^7.1.6",
        "pkg-up": "^3.1.0",
        "reselect": "^4.0.0",
        "resolve": "^1.13.1"
      }
    },
    "balanced-match": {
      "version": "1.0.0",
      "resolved": "https://registry.npmjs.org/balanced-match/-/balanced-match-1.0.0.tgz",
      "integrity": "sha1-ibTRmasr7kneFk6gK4nORi1xt2c="
    },
    "big.js": {
      "version": "5.2.2",
      "resolved": "https://registry.npmjs.org/big.js/-/big.js-5.2.2.tgz",
      "integrity": "sha512-vyL2OymJxmarO8gxMr0mhChsO9QGwhynfuu4+MHTAW6czfq9humCB7rKpUjDd9YUiDPU4mzpyupFSvOClAwbmQ=="
    },
    "brace-expansion": {
      "version": "1.1.11",
      "resolved": "https://registry.npmjs.org/brace-expansion/-/brace-expansion-1.1.11.tgz",
      "integrity": "sha512-iCuPHDFgrHX7H2vEI/5xpz07zSHB00TpugqhmYtVmMO6518mCuRMoOYFldEBl0g187ufozdaHgWKcYFb61qGiA==",
      "requires": {
        "balanced-match": "^1.0.0",
        "concat-map": "0.0.1"
      }
    },
    "concat-map": {
      "version": "0.0.1",
      "resolved": "https://registry.npmjs.org/concat-map/-/concat-map-0.0.1.tgz",
      "integrity": "sha1-2Klr13/Wjfd5OnMDajug1UBdR3s="
    },
    "emojis-list": {
      "version": "3.0.0",
      "resolved": "https://registry.npmjs.org/emojis-list/-/emojis-list-3.0.0.tgz",
      "integrity": "sha512-/kyM18EfinwXZbno9FyUGeFh87KC8HRQBQGildHZbEuRyWFOmv1U10o9BBp8XVZDVNNuQKyIGIu5ZYAAXJ0V2Q=="
    },
    "es6-promise": {
      "version": "4.2.8",
      "resolved": "https://registry.npmjs.org/es6-promise/-/es6-promise-4.2.8.tgz",
      "integrity": "sha512-HJDGx5daxeIvxdBxvG2cb9g4tEvwIk3i8+nhX0yGrYmZUzbkdg8QbDevheDB8gd0//uPj4c1EQua8Q+MViT0/w=="
    },
    "eventemitter3": {
      "version": "4.0.7",
      "resolved": "https://registry.npmjs.org/eventemitter3/-/eventemitter3-4.0.7.tgz",
      "integrity": "sha512-8guHBZCwKnFhYdHr2ysuRWErTwhoN2X8XELRlrRwpmfeY2jjuUN4taQMsULKUVo1K4DvZl+0pgfyoysHxvmvEw=="
    },
    "express-rate-limit": {
      "version": "5.2.3",
      "resolved": "https://registry.npmjs.org/express-rate-limit/-/express-rate-limit-5.2.3.tgz",
      "integrity": "sha512-cjQH+oDrEPXxc569XvxhHC6QXqJiuBT6BhZ70X3bdAImcnHnTNMVuMAJaT0TXPoRiEErUrVPRcOTpZpM36VbOQ=="
    },
    "express-validator": {
      "version": "6.9.2",
      "resolved": "https://registry.npmjs.org/express-validator/-/express-validator-6.9.2.tgz",
      "integrity": "sha512-Yqlsw2/uBobtBVkP+gnds8OMmVAEb3uTI4uXC93l0Ym5JGHgr8Vd4ws7oSo7GGYpWn5YCq4UePMEppKchURXrw==",
      "requires": {
        "lodash": "^4.17.20",
        "validator": "^13.5.2"
      }
    },
    "fast-deep-equal": {
      "version": "3.1.3",
      "resolved": "https://registry.npmjs.org/fast-deep-equal/-/fast-deep-equal-3.1.3.tgz",
      "integrity": "sha512-f3qQ9oQy9j2AhBe/H9VC91wLmKBCCU/gDOnKNAYG5hswO7BLKj09Hc5HYNz9cGI++xlpDCIgDaitVs03ATR84Q=="
    },
    "fast-json-stable-stringify": {
      "version": "2.1.0",
      "resolved": "https://registry.npmjs.org/fast-json-stable-stringify/-/fast-json-stable-stringify-2.1.0.tgz",
      "integrity": "sha512-lhd/wF+Lk98HZoTCtlVraHtfh5XYijIjalXck7saUtuanSDyLMxnHhSXEDJqHxD7msR8D0uCmqlkwjCV8xvwHw=="
    },
    "file-loader": {
      "version": "6.2.0",
      "resolved": "https://registry.npmjs.org/file-loader/-/file-loader-6.2.0.tgz",
      "integrity": "sha512-qo3glqyTa61Ytg4u73GultjHGjdRyig3tG6lPtyX/jOEJvHif9uB0/OCI2Kif6ctF3caQTW2G5gym21oAsI4pw==",
      "requires": {
        "loader-utils": "^2.0.0",
        "schema-utils": "^3.0.0"
      }
    },
    "find-babel-config": {
      "version": "1.2.0",
      "resolved": "https://registry.npmjs.org/find-babel-config/-/find-babel-config-1.2.0.tgz",
      "integrity": "sha512-jB2CHJeqy6a820ssiqwrKMeyC6nNdmrcgkKWJWmpoxpE8RKciYJXCcXRq1h2AzCo5I5BJeN2tkGEO3hLTuePRA==",
      "requires": {
        "json5": "^0.5.1",
        "path-exists": "^3.0.0"
      }
    },
    "find-up": {
      "version": "3.0.0",
      "resolved": "https://registry.npmjs.org/find-up/-/find-up-3.0.0.tgz",
      "integrity": "sha512-1yD6RmLI1XBfxugvORwlck6f75tYL+iR0jqwsOrOxMZyGYqUuDhJ0l4AXdO1iX/FTs9cBAMEk1gWSEx1kSbylg==",
      "requires": {
        "locate-path": "^3.0.0"
      }
    },
    "follow-redirects": {
      "version": "1.13.2",
      "resolved": "https://registry.npmjs.org/follow-redirects/-/follow-redirects-1.13.2.tgz",
      "integrity": "sha512-6mPTgLxYm3r6Bkkg0vNM0HTjfGrOEtsfbhagQvbxDEsEkpNhw582upBaoRZylzen6krEmxXJgt9Ju6HiI4O7BA=="
    },
    "fs.realpath": {
      "version": "1.0.0",
      "resolved": "https://registry.npmjs.org/fs.realpath/-/fs.realpath-1.0.0.tgz",
      "integrity": "sha1-FQStJSMVjKpA20onh8sBQRmU6k8="
    },
    "function-bind": {
      "version": "1.1.1",
      "resolved": "https://registry.npmjs.org/function-bind/-/function-bind-1.1.1.tgz",
      "integrity": "sha512-yIovAzMX49sF8Yl58fSCWJ5svSLuaibPxXQJFLmBObTuCr0Mf1KiPopGM9NiFjiYBCbfaa2Fh6breQ6ANVTI0A=="
    },
    "glob": {
      "version": "7.1.6",
      "resolved": "https://registry.npmjs.org/glob/-/glob-7.1.6.tgz",
      "integrity": "sha512-LwaxwyZ72Lk7vZINtNNrywX0ZuLyStrdDtabefZKAY5ZGJhVtgdznluResxNmPitE0SAO+O26sWTHeKSI2wMBA==",
      "requires": {
        "fs.realpath": "^1.0.0",
        "inflight": "^1.0.4",
        "inherits": "2",
        "minimatch": "^3.0.4",
        "once": "^1.3.0",
        "path-is-absolute": "^1.0.0"
      }
    },
    "google-map-react": {
      "version": "2.1.9",
      "resolved": "https://registry.npmjs.org/google-map-react/-/google-map-react-2.1.9.tgz",
      "integrity": "sha512-//Pa0o6sdspU2H0ehVztSDQSnYYeV6TY4Z6ftty34yiCJYLliOzeq17dA9uFkyUFdL+XwbTU6e9mfs+bjBMIzw==",
      "requires": {
        "@googlemaps/js-api-loader": "^1.7.0",
        "@mapbox/point-geometry": "^0.1.0",
        "eventemitter3": "^4.0.4",
        "prop-types": "^15.7.2"
      }
    },
    "has": {
      "version": "1.0.3",
      "resolved": "https://registry.npmjs.org/has/-/has-1.0.3.tgz",
      "integrity": "sha512-f2dvO0VU6Oej7RkWJGrehjbzMAjFp5/VKPp5tTpWIV4JHHZK1/BxbFRtf/siA2SWTe09caDmVtYYzWEIbBS4zw==",
      "requires": {
        "function-bind": "^1.1.1"
      }
    },
    "inflight": {
      "version": "1.0.6",
      "resolved": "https://registry.npmjs.org/inflight/-/inflight-1.0.6.tgz",
      "integrity": "sha1-Sb1jMdfQLQwJvJEKEHW6gWW1bfk=",
      "requires": {
        "once": "^1.3.0",
        "wrappy": "1"
      }
    },
    "inherits": {
      "version": "2.0.4",
      "resolved": "https://registry.npmjs.org/inherits/-/inherits-2.0.4.tgz",
      "integrity": "sha512-k/vGaX4/Yla3WzyMCvTQOXYeIHvqOKtnqBduzTHpzpQZzAskKMhZ2K+EnBiSM9zGSoIFeMpXKxa4dYeZIQqewQ=="
    },
    "invariant": {
      "version": "2.2.4",
      "resolved": "https://registry.npmjs.org/invariant/-/invariant-2.2.4.tgz",
      "integrity": "sha512-phJfQVBuaJM5raOpJjSfkiD6BpbCE4Ns//LaXl6wGYtUBY83nWS6Rf9tXm2e8VaK60JEjYldbPif/A2B1C2gNA==",
      "requires": {
        "loose-envify": "^1.0.0"
      }
    },
    "is-core-module": {
      "version": "2.2.0",
      "resolved": "https://registry.npmjs.org/is-core-module/-/is-core-module-2.2.0.tgz",
      "integrity": "sha512-XRAfAdyyY5F5cOXn7hYQDqh2Xmii+DEfIcQGxK/uNwMHhIkPWO0g8msXcbzLe+MpGoR951MlqM/2iIlU4vKDdQ==",
      "requires": {
        "has": "^1.0.3"
      }
    },
    "js-tokens": {
      "version": "4.0.0",
      "resolved": "https://registry.npmjs.org/js-tokens/-/js-tokens-4.0.0.tgz",
      "integrity": "sha512-RdJUflcE3cUzKiMqQgsCu06FPu9UdIJO0beYbPhHN4k6apgJtifcoCtT9bcxOpYBtpD2kCM6Sbzg4CausW/PKQ=="
    },
    "json-schema-traverse": {
      "version": "0.4.1",
      "resolved": "https://registry.npmjs.org/json-schema-traverse/-/json-schema-traverse-0.4.1.tgz",
      "integrity": "sha512-xbbCH5dCYU5T8LcEhhuh7HJ88HXuW3qsI3Y0zOZFKfZEHcpWiHU/Jxzk629Brsab/mMiHQti9wMP+845RPe3Vg=="
    },
    "json5": {
      "version": "0.5.1",
      "resolved": "https://registry.npmjs.org/json5/-/json5-0.5.1.tgz",
      "integrity": "sha1-Hq3nrMASA0rYTiOWdn6tn6VJWCE="
    },
    "loader-utils": {
      "version": "2.0.0",
      "resolved": "https://registry.npmjs.org/loader-utils/-/loader-utils-2.0.0.tgz",
      "integrity": "sha512-rP4F0h2RaWSvPEkD7BLDFQnvSf+nK+wr3ESUjNTyAGobqrijmW92zc+SO6d4p4B1wh7+B/Jg1mkQe5NYUEHtHQ==",
      "requires": {
        "big.js": "^5.2.2",
        "emojis-list": "^3.0.0",
        "json5": "^2.1.2"
      },
      "dependencies": {
        "json5": {
          "version": "2.1.3",
          "resolved": "https://registry.npmjs.org/json5/-/json5-2.1.3.tgz",
          "integrity": "sha512-KXPvOm8K9IJKFM0bmdn8QXh7udDh1g/giieX0NLCaMnb4hEiVFqnop2ImTXCc5e0/oHz3LTqmHGtExn5hfMkOA==",
          "requires": {
            "minimist": "^1.2.5"
          }
        }
      }
    },
    "locate-path": {
      "version": "3.0.0",
      "resolved": "https://registry.npmjs.org/locate-path/-/locate-path-3.0.0.tgz",
      "integrity": "sha512-7AO748wWnIhNqAuaty2ZWHkQHRSNfPVIsPIfwEOWO22AmaoVrWavlOcMR5nzTLNYvp36X220/maaRsrec1G65A==",
      "requires": {
        "p-locate": "^3.0.0",
        "path-exists": "^3.0.0"
      }
    },
    "lodash": {
      "version": "4.17.20",
      "resolved": "https://registry.npmjs.org/lodash/-/lodash-4.17.20.tgz",
      "integrity": "sha512-PlhdFcillOINfeV7Ni6oF1TAEayyZBoZ8bcshTHqOYJYlrqzRK5hagpagky5o4HfCzzd1TRkXPMFq6cKk9rGmA=="
    },
    "lodash.throttle": {
      "version": "4.1.1",
      "resolved": "https://registry.npmjs.org/lodash.throttle/-/lodash.throttle-4.1.1.tgz",
      "integrity": "sha1-wj6RtxAkKscMN/HhzaknTMOb8vQ="
    },
    "loose-envify": {
      "version": "1.4.0",
      "resolved": "https://registry.npmjs.org/loose-envify/-/loose-envify-1.4.0.tgz",
      "integrity": "sha512-lyuxPGr/Wfhrlem2CL/UcnUc1zcqKAImBDzukY7Y5F/yQiNdko6+fRLevlw1HgMySw7f611UIY408EtxRSoK3Q==",
      "requires": {
        "js-tokens": "^3.0.0 || ^4.0.0"
      }
    },
    "minimatch": {
      "version": "3.0.4",
      "resolved": "https://registry.npmjs.org/minimatch/-/minimatch-3.0.4.tgz",
      "integrity": "sha512-yJHVQEhyqPLUTgt9B83PXu6W3rx4MvvHvSUvToogpwoGDOUQ+yDrR0HRot+yOCdCO7u4hX3pWft6kWBBcqh0UA==",
      "requires": {
        "brace-expansion": "^1.1.7"
      }
    },
    "minimist": {
      "version": "1.2.5",
      "resolved": "https://registry.npmjs.org/minimist/-/minimist-1.2.5.tgz",
      "integrity": "sha512-FM9nNUYrRBAELZQT3xeZQ7fmMOBg6nWNmJKTcgsJeaLstP/UODVpGsr5OhXhhXg6f+qtJ8uiZ+PUxkDWcgIXLw=="
    },
    "object-assign": {
      "version": "4.1.1",
      "resolved": "https://registry.npmjs.org/object-assign/-/object-assign-4.1.1.tgz",
      "integrity": "sha1-IQmtx5ZYh8/AXLvUQsrIv7s2CGM="
    },
    "once": {
      "version": "1.4.0",
      "resolved": "https://registry.npmjs.org/once/-/once-1.4.0.tgz",
      "integrity": "sha1-WDsap3WWHUsROsF9nFC6753Xa9E=",
      "requires": {
        "wrappy": "1"
      }
    },
    "p-limit": {
      "version": "2.3.0",
      "resolved": "https://registry.npmjs.org/p-limit/-/p-limit-2.3.0.tgz",
      "integrity": "sha512-//88mFWSJx8lxCzwdAABTJL2MyWB12+eIY7MDL2SqLmAkeKU9qxRvWuSyTjm3FUmpBEMuFfckAIqEaVGUDxb6w==",
      "requires": {
        "p-try": "^2.0.0"
      }
    },
    "p-locate": {
      "version": "3.0.0",
      "resolved": "https://registry.npmjs.org/p-locate/-/p-locate-3.0.0.tgz",
      "integrity": "sha512-x+12w/To+4GFfgJhBEpiDcLozRJGegY+Ei7/z0tSLkMmxGZNybVMSfWj9aJn8Z5Fc7dBUNJOOVgPv2H7IwulSQ==",
      "requires": {
        "p-limit": "^2.0.0"
      }
    },
    "p-try": {
      "version": "2.2.0",
      "resolved": "https://registry.npmjs.org/p-try/-/p-try-2.2.0.tgz",
      "integrity": "sha512-R4nPAVTAU0B9D35/Gk3uJf/7XYbQcyohSKdvAxIRSNghFl4e71hVoGnBNQz9cWaXxO2I10KTC+3jMdvvoKw6dQ=="
    },
    "path-exists": {
      "version": "3.0.0",
      "resolved": "https://registry.npmjs.org/path-exists/-/path-exists-3.0.0.tgz",
      "integrity": "sha1-zg6+ql94yxiSXqfYENe1mwEP1RU="
    },
    "path-is-absolute": {
      "version": "1.0.1",
      "resolved": "https://registry.npmjs.org/path-is-absolute/-/path-is-absolute-1.0.1.tgz",
      "integrity": "sha1-F0uSaHNVNP+8es5r9TpanhtcX18="
    },
    "path-parse": {
      "version": "1.0.6",
      "resolved": "https://registry.npmjs.org/path-parse/-/path-parse-1.0.6.tgz",
      "integrity": "sha512-GSmOT2EbHrINBf9SR7CDELwlJ8AENk3Qn7OikK4nFYAu3Ote2+JYNVvkpAEQm3/TLNEJFD/xZJjzyxg3KBWOzw=="
    },
    "pkg-up": {
      "version": "3.1.0",
      "resolved": "https://registry.npmjs.org/pkg-up/-/pkg-up-3.1.0.tgz",
      "integrity": "sha512-nDywThFk1i4BQK4twPQ6TA4RT8bDY96yeuCVBWL3ePARCiEKDRSrNGbFIgUJpLp+XeIR65v8ra7WuJOFUBtkMA==",
      "requires": {
        "find-up": "^3.0.0"
      }
    },
    "points-cluster": {
      "version": "0.1.4",
      "resolved": "https://registry.npmjs.org/points-cluster/-/points-cluster-0.1.4.tgz",
      "integrity": "sha1-QJvb8eDMGLbsgPDTV9QLr65pr/w=",
      "requires": {
        "invariant": "^2.2.0",
        "lodash": "^4.1.0",
        "rbush": "^1.4.1"
      }
    },
    "prop-types": {
      "version": "15.7.2",
      "resolved": "https://registry.npmjs.org/prop-types/-/prop-types-15.7.2.tgz",
      "integrity": "sha512-8QQikdH7//R2vurIJSutZ1smHYTcLpRWEOlHnzcWHmBYrOGUysKwSsrC89BCiFj3CbrfJ/nXFdJepOVrY1GCHQ==",
      "requires": {
        "loose-envify": "^1.4.0",
        "object-assign": "^4.1.1",
        "react-is": "^16.8.1"
      }
    },
    "punycode": {
      "version": "2.1.1",
      "resolved": "https://registry.npmjs.org/punycode/-/punycode-2.1.1.tgz",
      "integrity": "sha512-XRsRjdf+j5ml+y/6GKHPZbrF/8p2Yga0JPtdqTIY2Xe5ohJPD9saDJJLPvp9+NSBprVvevdXZybnj2cv8OEd0A=="
    },
    "rbush": {
      "version": "1.4.3",
      "resolved": "https://registry.npmjs.org/rbush/-/rbush-1.4.3.tgz",
      "integrity": "sha1-eHTi04kR0nGeoncx0yRF2l7EOUw="
    },
    "react": {
      "version": "17.0.1",
      "resolved": "https://registry.npmjs.org/react/-/react-17.0.1.tgz",
      "integrity": "sha512-lG9c9UuMHdcAexXtigOZLX8exLWkW0Ku29qPRU8uhF2R9BN96dLCt0psvzPLlHc5OWkgymP3qwTRgbnw5BKx3w==",
      "requires": {
        "loose-envify": "^1.1.0",
        "object-assign": "^4.1.1"
      }
    },
    "react-autosuggest": {
      "version": "10.1.0",
      "resolved": "https://registry.npmjs.org/react-autosuggest/-/react-autosuggest-10.1.0.tgz",
      "integrity": "sha512-/azBHmc6z/31s/lBf6irxPf/7eejQdR0IqnZUzjdSibtlS8+Rw/R79pgDAo6Ft5QqCUTyEQ+f0FhL+1olDQ8OA==",
      "requires": {
        "es6-promise": "^4.2.8",
        "prop-types": "^15.7.2",
        "react-themeable": "^1.1.0",
        "section-iterator": "^2.0.0",
        "shallow-equal": "^1.2.1"
      }
    },
    "react-dom": {
      "version": "17.0.1",
      "resolved": "https://registry.npmjs.org/react-dom/-/react-dom-17.0.1.tgz",
      "integrity": "sha512-6eV150oJZ9U2t9svnsspTMrWNyHc6chX0KzDeAOXftRa8bNeOKTTfCJ7KorIwenkHd2xqVTBTCZd79yk/lx/Ug==",
      "requires": {
        "loose-envify": "^1.1.0",
        "object-assign": "^4.1.1",
        "scheduler": "^0.20.1"
      }
    },
    "react-favicon": {
      "version": "0.0.18",
      "resolved": "https://registry.npmjs.org/react-favicon/-/react-favicon-0.0.18.tgz",
      "integrity": "sha512-FB3WAuzqGjMxFSi+QzPTnXlCeOmuBZpl/Ilxkd9sf73cW6Q31ThBjS1j3tfN9Uxo88ECOsR7NIAUedbiddc7VQ=="
    },
    "react-form-with-constraints": {
      "version": "0.16.0",
      "resolved": "https://registry.npmjs.org/react-form-with-constraints/-/react-form-with-constraints-0.16.0.tgz",
      "integrity": "sha512-xt6geBao/+i3pcfNKDHYIJCHI+Ii6mhNN5rhL5l7BnKnQ04KPIRkWmrBNrhfptwV2LIc21hLH6lYZMN5BaKkvQ==",
      "requires": {
        "prop-types": "^15.7.2"
      }
    },
    "react-ga": {
      "version": "3.3.0",
      "resolved": "https://registry.npmjs.org/react-ga/-/react-ga-3.3.0.tgz",
      "integrity": "sha512-o8RScHj6Lb8cwy3GMrVH6NJvL+y0zpJvKtc0+wmH7Bt23rszJmnqEQxRbyrqUzk9DTJIHoP42bfO5rswC9SWBQ=="
    },
    "react-is": {
      "version": "16.13.1",
      "resolved": "https://registry.npmjs.org/react-is/-/react-is-16.13.1.tgz",
      "integrity": "sha512-24e6ynE2H+OKt4kqsOvNd8kBpV65zoxbA4BVsEOB3ARVWQki/DHzaUoC5KuON/BiccDaCCTZBuOcfZs70kR8bQ=="
    },
    "react-scroll": {
      "version": "1.8.1",
      "resolved": "https://registry.npmjs.org/react-scroll/-/react-scroll-1.8.1.tgz",
      "integrity": "sha512-UAKmawFHn+c7x/DoXuHqOsQ5xwNk2Dxv7vP8Ft41K2hglPWkshcSos0tMTr8704UkFqImoUGzMTdN4vuZXoqbw==",
      "requires": {
        "lodash.throttle": "^4.1.1",
        "prop-types": "^15.7.2"
      }
    },
    "react-sidebar": {
      "version": "3.0.2",
      "resolved": "https://registry.npmjs.org/react-sidebar/-/react-sidebar-3.0.2.tgz",
      "integrity": "sha512-LG/JO1cJvdRqSmUT+DOhJrml/b45/UqM9nm8emcgbJb5EKNegKCObZcrRqyzVix42VfFf0odytviAAFEYYTu1Q==",
      "requires": {
        "@babel/runtime": ">=7.0.0-beta.56",
        "prop-types": "^15.6.2"
      }
    },
    "react-themeable": {
      "version": "1.1.0",
      "resolved": "https://registry.npmjs.org/react-themeable/-/react-themeable-1.1.0.tgz",
      "integrity": "sha1-fURm3ZsrX6dQWHJ4JenxUro3mg4=",
      "requires": {
        "object-assign": "^3.0.0"
      },
      "dependencies": {
        "object-assign": {
          "version": "3.0.0",
          "resolved": "https://registry.npmjs.org/object-assign/-/object-assign-3.0.0.tgz",
          "integrity": "sha1-m+3VygiXlJvKR+f/QIBi1Un1h/I="
        }
      }
    },
    "regenerator-runtime": {
      "version": "0.13.7",
      "resolved": "https://registry.npmjs.org/regenerator-runtime/-/regenerator-runtime-0.13.7.tgz",
      "integrity": "sha512-a54FxoJDIr27pgf7IgeQGxmqUNYrcV338lf/6gH456HZ/PhX+5BcwHXG9ajESmwe6WRO0tAzRUrRmNONWgkrew=="
    },
    "reselect": {
      "version": "4.0.0",
      "resolved": "https://registry.npmjs.org/reselect/-/reselect-4.0.0.tgz",
      "integrity": "sha512-qUgANli03jjAyGlnbYVAV5vvnOmJnODyABz51RdBN7M4WaVu8mecZWgyQNkG8Yqe3KRGRt0l4K4B3XVEULC4CA=="
    },
    "resolve": {
      "version": "1.19.0",
      "resolved": "https://registry.npmjs.org/resolve/-/resolve-1.19.0.tgz",
      "integrity": "sha512-rArEXAgsBG4UgRGcynxWIWKFvh/XZCcS8UJdHhwy91zwAvCZIbcs+vAbflgBnNjYMs/i/i+/Ux6IZhML1yPvxg==",
      "requires": {
        "is-core-module": "^2.1.0",
        "path-parse": "^1.0.6"
      }
    },
    "scheduler": {
      "version": "0.20.1",
      "resolved": "https://registry.npmjs.org/scheduler/-/scheduler-0.20.1.tgz",
      "integrity": "sha512-LKTe+2xNJBNxu/QhHvDR14wUXHRQbVY5ZOYpOGWRzhydZUqrLb2JBvLPY7cAqFmqrWuDED0Mjk7013SZiOz6Bw==",
      "requires": {
        "loose-envify": "^1.1.0",
        "object-assign": "^4.1.1"
      }
    },
    "schema-utils": {
      "version": "3.0.0",
      "resolved": "https://registry.npmjs.org/schema-utils/-/schema-utils-3.0.0.tgz",
      "integrity": "sha512-6D82/xSzO094ajanoOSbe4YvXWMfn2A//8Y1+MUqFAJul5Bs+yn36xbK9OtNDcRVSBJ9jjeoXftM6CfztsjOAA==",
      "requires": {
        "@types/json-schema": "^7.0.6",
        "ajv": "^6.12.5",
        "ajv-keywords": "^3.5.2"
      }
    },
    "section-iterator": {
      "version": "2.0.0",
      "resolved": "https://registry.npmjs.org/section-iterator/-/section-iterator-2.0.0.tgz",
      "integrity": "sha1-v0RNev7rlK1Dw5rS+yYVFifMuio="
    },
    "shallow-equal": {
      "version": "1.2.1",
      "resolved": "https://registry.npmjs.org/shallow-equal/-/shallow-equal-1.2.1.tgz",
      "integrity": "sha512-S4vJDjHHMBaiZuT9NPb616CSmLf618jawtv3sufLl6ivK8WocjAo58cXwbRV1cgqxH0Qbv+iUt6m05eqEa2IRA=="
    },
    "svg-url-loader": {
      "version": "7.1.1",
      "resolved": "https://registry.npmjs.org/svg-url-loader/-/svg-url-loader-7.1.1.tgz",
      "integrity": "sha512-NlsMCePODm7FQhU9aEZyGLPx5Xe1QRI1cSEUE6vTq5LJc9l9pStagvXoEIyZ9O3r00w6G3+Wbkimb+SC3DI/Aw==",
      "requires": {
        "file-loader": "~6.2.0",
        "loader-utils": "~2.0.0"
      }
    },
    "uri-js": {
      "version": "4.4.1",
      "resolved": "https://registry.npmjs.org/uri-js/-/uri-js-4.4.1.tgz",
      "integrity": "sha512-7rKUyy33Q1yc98pQ1DAmLtwX109F7TIfWlW1Ydo8Wl1ii1SeHieeh0HHfPeL2fMXK6z0s8ecKs9frCuLJvndBg==",
      "requires": {
        "punycode": "^2.1.0"
      }
    },
    "validator": {
      "version": "13.5.2",
      "resolved": "https://registry.npmjs.org/validator/-/validator-13.5.2.tgz",
      "integrity": "sha512-mD45p0rvHVBlY2Zuy3F3ESIe1h5X58GPfAtslBjY7EtTqGquZTj+VX/J4RnHWN8FKq0C9WRVt1oWAcytWRuYLQ=="
    },
    "wrappy": {
      "version": "1.0.2",
      "resolved": "https://registry.npmjs.org/wrappy/-/wrappy-1.0.2.tgz",
      "integrity": "sha1-tSQ9jz7BqjXxNkYFvA0QNuMKtp8="
    }
  }
}
